
Microsoft Visual Studio Solution File, Format Version 12.00
# Visual Studio Version 18
VisualStudioVersion = 18.1.11312.151 d18.0
MinimumVisualStudioVersion = 10.0.40219.1
Project("{FAE04EC0-301F-11D3-BF4B-00C04F79EFBC}") = "EgyptBeatbox.Api", "EgyptBeatbox.Api\EgyptBeatbox.Api.csproj", "{5B7B1CB8-2009-F675-7362-38C00E831250}"
EndProject
Project("{FAE04EC0-301F-11D3-BF4B-00C04F79EFBC}") = "EgyptBeatbox.Domain", "EgyptBeatbox.Domain\EgyptBeatbox.Domain.csproj", "{245CD3A3-595B-4B5B-B315-050348EC56F2}"
EndProject
Project("{FAE04EC0-301F-11D3-BF4B-00C04F79EFBC}") = "EgyptBeatbox.Infrastructure", "EgyptBeatbox.Infrastructure\EgyptBeatbox.Infrastructure.csproj", "{BC8843C4-5DD8-4C25-9D7E-418D1A3AAEBE}"
EndProject
Project("{FAE04EC0-301F-11D3-BF4B-00C04F79EFBC}") = "EgyptBeatbox.Application", "EgyptBeatbox.Application\EgyptBeatbox.Application.csproj", "{E9DE40C3-EFAD-4A33-9B52-25FE28E8CD4B}"
EndProject
Global
	GlobalSection(SolutionConfigurationPlatforms) = preSolution
		Debug|Any CPU = Debug|Any CPU
		Release|Any CPU = Release|Any CPU
	EndGlobalSection
	GlobalSection(ProjectConfigurationPlatforms) = postSolution
		{5B7B1CB8-2009-F675-7362-38C00E831250}.Debug|Any CPU.ActiveCfg = Debug|Any CPU
		{5B7B1CB8-2009-F675-7362-38C00E831250}.Debug|Any CPU.Build.0 = Debug|Any CPU
		{5B7B1CB8-2009-F675-7362-38C00E831250}.Release|Any CPU.ActiveCfg = Release|Any CPU
		{5B7B1CB8-2009-F675-7362-38C00E831250}.Release|Any CPU.Build.0 = Release|Any CPU
		{245CD3A3-595B-4B5B-B315-050348EC56F2}.Debug|Any CPU.ActiveCfg = Debug|Any CPU
		{245CD3A3-595B-4B5B-B315-050348EC56F2}.Debug|Any CPU.Build.0 = Debug|Any CPU
		{245CD3A3-595B-4B5B-B315-050348EC56F2}.Release|Any CPU.ActiveCfg = Release|Any CPU
		{245CD3A3-595B-4B5B-B315-050348EC56F2}.Release|Any CPU.Build.0 = Release|Any CPU
		{BC8843C4-5DD8-4C25-9D7E-418D1A3AAEBE}.Debug|Any CPU.ActiveCfg = Debug|Any CPU
		{BC8843C4-5DD8-4C25-9D7E-418D1A3AAEBE}.Debug|Any CPU.Build.0 = Debug|Any CPU
		{BC8843C4-5DD8-4C25-9D7E-418D1A3AAEBE}.Release|Any CPU.ActiveCfg = Release|Any CPU
		{BC8843C4-5DD8-4C25-9D7E-418D1A3AAEBE}.Release|Any CPU.Build.0 = Release|Any CPU
		{E9DE40C3-EFAD-4A33-9B52-25FE28E8CD4B}.Debug|Any CPU.ActiveCfg = Debug|Any CPU
		{E9DE40C3-EFAD-4A33-9B52-25FE28E8CD4B}.Debug|Any CPU.Build.0 = Debug|Any CPU
		{E9DE40C3-EFAD-4A33-9B52-25FE28E8CD4B}.Release|Any CPU.ActiveCfg = Release|Any CPU
		{E9DE40C3-EFAD-4A33-9B52-25FE28E8CD4B}.Release|Any CPU.Build.0 = Release|Any CPU
	EndGlobalSection
	GlobalSection(SolutionProperties) = preSolution
		HideSolutionNode = FALSE
	EndGlobalSection
	GlobalSection(ExtensibilityGlobals) = postSolution
		SolutionGuid = {5412A5A4-9518-41EE-8CC1-BF9AB28260EA}
	EndGlobalSection
EndGlobal
